{
  "lockfileVersion": 1,
  "configVersion": 1,
  "workspaces": {
    "": {
      "name": "duckdb-analytics",
      "dependencies": {
        "@aws-sdk/client-s3": "^3.932.0",
        "@aws-sdk/s3-request-presigner": "^3.932.0",
        "@duckdb/node-api": "^1.4.2-r.1",
        "hono": "^4.10.6",
        "pino": "^10.1.0",
        "zod": "^4.1.12",
      },
      "devDependencies": {
        "@types/bun": "latest",
      },
    },
  },
  "packages": {
    "@aws-crypto/crc32": ["@aws-crypto/crc32@5.2.0", "", { "dependencies": { "@aws-crypto/util": "^5.2.0", "@aws-sdk/types": "^3.222.0", "tslib": "^2.6.2" } }, "sha512-nLbCWqQNgUiwwtFsen1AdzAtvuLRsQS8rYgMuxCrdKf9kOssamGLuPwyTY9wyYblNr9+1XM8v6zoDTPPSIeANg=="],

    "@aws-crypto/crc32c": ["@aws-crypto/crc32c@5.2.0", "", { "dependencies": { "@aws-crypto/util": "^5.2.0", "@aws-sdk/types": "^3.222.0", "tslib": "^2.6.2" } }, "sha512-+iWb8qaHLYKrNvGRbiYRHSdKRWhto5XlZUEBwDjYNf+ly5SVYG6zEoYIdxvf5R3zyeP16w4PLBn3rH1xc74Rag=="],

    "@aws-crypto/sha1-browser": ["@aws-crypto/sha1-browser@5.2.0", "", { "dependencies": { "@aws-crypto/supports-web-crypto": "^5.2.0", "@aws-crypto/util": "^5.2.0", "@aws-sdk/types": "^3.222.0", "@aws-sdk/util-locate-window": "^3.0.0", "@smithy/util-utf8": "^2.0.0", "tslib": "^2.6.2" } }, "sha512-OH6lveCFfcDjX4dbAvCFSYUjJZjDr/3XJ3xHtjn3Oj5b9RjojQo8npoLeA/bNwkOkrSQ0wgrHzXk4tDRxGKJeg=="],

    "@aws-crypto/sha256-browser": ["@aws-crypto/sha256-browser@5.2.0", "", { "dependencies": { "@aws-crypto/sha256-js": "^5.2.0", "@aws-crypto/supports-web-crypto": "^5.2.0", "@aws-crypto/util": "^5.2.0", "@aws-sdk/types": "^3.222.0", "@aws-sdk/util-locate-window": "^3.0.0", "@smithy/util-utf8": "^2.0.0", "tslib": "^2.6.2" } }, "sha512-AXfN/lGotSQwu6HNcEsIASo7kWXZ5HYWvfOmSNKDsEqC4OashTp8alTmaz+F7TC2L083SFv5RdB+qU3Vs1kZqw=="],

    "@aws-crypto/sha256-js": ["@aws-crypto/sha256-js@5.2.0", "", { "dependencies": { "@aws-crypto/util": "^5.2.0", "@aws-sdk/types": "^3.222.0", "tslib": "^2.6.2" } }, "sha512-FFQQyu7edu4ufvIZ+OadFpHHOt+eSTBaYaki44c+akjg7qZg9oOQeLlk77F6tSYqjDAFClrHJk9tMf0HdVyOvA=="],

    "@aws-crypto/supports-web-crypto": ["@aws-crypto/supports-web-crypto@5.2.0", "", { "dependencies": { "tslib": "^2.6.2" } }, "sha512-iAvUotm021kM33eCdNfwIN//F77/IADDSs58i+MDaOqFrVjZo9bAal0NK7HurRuWLLpF1iLX7gbWrjHjeo+YFg=="],

    "@aws-crypto/util": ["@aws-crypto/util@5.2.0", "", { "dependencies": { "@aws-sdk/types": "^3.222.0", "@smithy/util-utf8": "^2.0.0", "tslib": "^2.6.2" } }, "sha512-4RkU9EsI6ZpBve5fseQlGNUWKMa1RLPQ1dnjnQoe07ldfIzcsGb5hC5W0Dm7u423KWzawlrpbjXBrXCEv9zazQ=="],

    "@aws-sdk/client-s3": ["@aws-sdk/client-s3@3.932.0", "", { "dependencies": { "@aws-crypto/sha1-browser": "5.2.0", "@aws-crypto/sha256-browser": "5.2.0", "@aws-crypto/sha256-js": "5.2.0", "@aws-sdk/core": "3.932.0", "@aws-sdk/credential-provider-node": "3.932.0", "@aws-sdk/middleware-bucket-endpoint": "3.930.0", "@aws-sdk/middleware-expect-continue": "3.930.0", "@aws-sdk/middleware-flexible-checksums": "3.932.0", "@aws-sdk/middleware-host-header": "3.930.0", "@aws-sdk/middleware-location-constraint": "3.930.0", "@aws-sdk/middleware-logger": "3.930.0", "@aws-sdk/middleware-recursion-detection": "3.930.0", "@aws-sdk/middleware-sdk-s3": "3.932.0", "@aws-sdk/middleware-ssec": "3.930.0", "@aws-sdk/middleware-user-agent": "3.932.0", "@aws-sdk/region-config-resolver": "3.930.0", "@aws-sdk/signature-v4-multi-region": "3.932.0", "@aws-sdk/types": "3.930.0", "@aws-sdk/util-endpoints": "3.930.0", "@aws-sdk/util-user-agent-browser": "3.930.0", "@aws-sdk/util-user-agent-node": "3.932.0", "@smithy/config-resolver": "^4.4.3", "@smithy/core": "^3.18.2", "@smithy/eventstream-serde-browser": "^4.2.5", "@smithy/eventstream-serde-config-resolver": "^4.3.5", "@smithy/eventstream-serde-node": "^4.2.5", "@smithy/fetch-http-handler": "^5.3.6", "@smithy/hash-blob-browser": "^4.2.6", "@smithy/hash-node": "^4.2.5", "@smithy/hash-stream-node": "^4.2.5", "@smithy/invalid-dependency": "^4.2.5", "@smithy/md5-js": "^4.2.5", "@smithy/middleware-content-length": "^4.2.5", "@smithy/middleware-endpoint": "^4.3.9", "@smithy/middleware-retry": "^4.4.9", "@smithy/middleware-serde": "^4.2.5", "@smithy/middleware-stack": "^4.2.5", "@smithy/node-config-provider": "^4.3.5", "@smithy/node-http-handler": "^4.4.5", "@smithy/protocol-http": "^5.3.5", "@smithy/smithy-client": "^4.9.5", "@smithy/types": "^4.9.0", "@smithy/url-parser": "^4.2.5", "@smithy/util-base64": "^4.3.0", "@smithy/util-body-length-browser": "^4.2.0", "@smithy/util-body-length-node": "^4.2.1", "@smithy/util-defaults-mode-browser": "^4.3.8", "@smithy/util-defaults-mode-node": "^4.2.11", "@smithy/util-endpoints": "^3.2.5", "@smithy/util-middleware": "^4.2.5", "@smithy/util-retry": "^4.2.5", "@smithy/util-stream": "^4.5.6", "@smithy/util-utf8": "^4.2.0", "@smithy/util-waiter": "^4.2.5", "tslib": "^2.6.2" } }, "sha512-qrlbJ3W5QR3Gzz2S+yaItH8ZhX7vaeA4j4fDAi8+0FmsVhXOfBbomWr+JO1wk/YojZMdyLfmfYRHrJvAQsLFVw=="],

    "@aws-sdk/client-sso": ["@aws-sdk/client-sso@3.932.0", "", { "dependencies": { "@aws-crypto/sha256-browser": "5.2.0", "@aws-crypto/sha256-js": "5.2.0", "@aws-sdk/core": "3.932.0", "@aws-sdk/middleware-host-header": "3.930.0", "@aws-sdk/middleware-logger": "3.930.0", "@aws-sdk/middleware-recursion-detection": "3.930.0", "@aws-sdk/middleware-user-agent": "3.932.0", "@aws-sdk/region-config-resolver": "3.930.0", "@aws-sdk/types": "3.930.0", "@aws-sdk/util-endpoints": "3.930.0", "@aws-sdk/util-user-agent-browser": "3.930.0", "@aws-sdk/util-user-agent-node": "3.932.0", "@smithy/config-resolver": "^4.4.3", "@smithy/core": "^3.18.2", "@smithy/fetch-http-handler": "^5.3.6", "@smithy/hash-node": "^4.2.5", "@smithy/invalid-dependency": "^4.2.5", "@smithy/middleware-content-length": "^4.2.5", "@smithy/middleware-endpoint": "^4.3.9", "@smithy/middleware-retry": "^4.4.9", "@smithy/middleware-serde": "^4.2.5", "@smithy/middleware-stack": "^4.2.5", "@smithy/node-config-provider": "^4.3.5", "@smithy/node-http-handler": "^4.4.5", "@smithy/protocol-http": "^5.3.5", "@smithy/smithy-client": "^4.9.5", "@smithy/types": "^4.9.0", "@smithy/url-parser": "^4.2.5", "@smithy/util-base64": "^4.3.0", "@smithy/util-body-length-browser": "^4.2.0", "@smithy/util-body-length-node": "^4.2.1", "@smithy/util-defaults-mode-browser": "^4.3.8", "@smithy/util-defaults-mode-node": "^4.2.11", "@smithy/util-endpoints": "^3.2.5", "@smithy/util-middleware": "^4.2.5", "@smithy/util-retry": "^4.2.5", "@smithy/util-utf8": "^4.2.0", "tslib": "^2.6.2" } }, "sha512-XHqHa5iv2OQsKoM2tUQXs7EAyryploC00Wg0XSFra/KAKqyGizUb5XxXsGlyqhebB29Wqur+zwiRwNmejmN0+Q=="],

    "@aws-sdk/core": ["@aws-sdk/core@3.932.0", "", { "dependencies": { "@aws-sdk/types": "3.930.0", "@aws-sdk/xml-builder": "3.930.0", "@smithy/core": "^3.18.2", "@smithy/node-config-provider": "^4.3.5", "@smithy/property-provider": "^4.2.5", "@smithy/protocol-http": "^5.3.5", "@smithy/signature-v4": "^5.3.5", "@smithy/smithy-client": "^4.9.5", "@smithy/types": "^4.9.0", "@smithy/util-base64": "^4.3.0", "@smithy/util-middleware": "^4.2.5", "@smithy/util-utf8": "^4.2.0", "tslib": "^2.6.2" } }, "sha512-AS8gypYQCbNojwgjvZGkJocC2CoEICDx9ZJ15ILsv+MlcCVLtUJSRSx3VzJOUY2EEIaGLRrPNlIqyn/9/fySvA=="],

    "@aws-sdk/credential-provider-env": ["@aws-sdk/credential-provider-env@3.932.0", "", { "dependencies": { "@aws-sdk/core": "3.932.0", "@aws-sdk/types": "3.930.0", "@smithy/property-provider": "^4.2.5", "@smithy/types": "^4.9.0", "tslib": "^2.6.2" } }, "sha512-ozge/c7NdHUDyHqro6+P5oHt8wfKSUBN+olttiVfBe9Mw3wBMpPa3gQ0pZnG+gwBkKskBuip2bMR16tqYvUSEA=="],

    "@aws-sdk/credential-provider-http": ["@aws-sdk/credential-provider-http@3.932.0", "", { "dependencies": { "@aws-sdk/core": "3.932.0", "@aws-sdk/types": "3.930.0", "@smithy/fetch-http-handler": "^5.3.6", "@smithy/node-http-handler": "^4.4.5", "@smithy/property-provider": "^4.2.5", "@smithy/protocol-http": "^5.3.5", "@smithy/smithy-client": "^4.9.5", "@smithy/types": "^4.9.0", "@smithy/util-stream": "^4.5.6", "tslib": "^2.6.2" } }, "sha512-b6N9Nnlg8JInQwzBkUq5spNaXssM3h3zLxGzpPrnw0nHSIWPJPTbZzA5Ca285fcDUFuKP+qf3qkuqlAjGOdWhg=="],

    "@aws-sdk/credential-provider-ini": ["@aws-sdk/credential-provider-ini@3.932.0", "", { "dependencies": { "@aws-sdk/core": "3.932.0", "@aws-sdk/credential-provider-env": "3.932.0", "@aws-sdk/credential-provider-http": "3.932.0", "@aws-sdk/credential-provider-process": "3.932.0", "@aws-sdk/credential-provider-sso": "3.932.0", "@aws-sdk/credential-provider-web-identity": "3.932.0", "@aws-sdk/nested-clients": "3.932.0", "@aws-sdk/types": "3.930.0", "@smithy/credential-provider-imds": "^4.2.5", "@smithy/property-provider": "^4.2.5", "@smithy/shared-ini-file-loader": "^4.4.0", "@smithy/types": "^4.9.0", "tslib": "^2.6.2" } }, "sha512-ZBjSAXVGy7danZRHCRMJQ7sBkG1Dz39thYlvTiUaf9BKZ+8ymeiFhuTeV1OkWUBBnY0ki2dVZJvboTqfINhNxA=="],

    "@aws-sdk/credential-provider-node": ["@aws-sdk/credential-provider-node@3.932.0", "", { "dependencies": { "@aws-sdk/credential-provider-env": "3.932.0", "@aws-sdk/credential-provider-http": "3.932.0", "@aws-sdk/credential-provider-ini": "3.932.0", "@aws-sdk/credential-provider-process": "3.932.0", "@aws-sdk/credential-provider-sso": "3.932.0", "@aws-sdk/credential-provider-web-identity": "3.932.0", "@aws-sdk/types": "3.930.0", "@smithy/credential-provider-imds": "^4.2.5", "@smithy/property-provider": "^4.2.5", "@smithy/shared-ini-file-loader": "^4.4.0", "@smithy/types": "^4.9.0", "tslib": "^2.6.2" } }, "sha512-SEG9t2taBT86qe3gTunfrK8BxT710GVLGepvHr+X5Pw+qW225iNRaGN0zJH+ZE/j91tcW9wOaIoWnURkhR5wIg=="],

    "@aws-sdk/credential-provider-process": ["@aws-sdk/credential-provider-process@3.932.0", "", { "dependencies": { "@aws-sdk/core": "3.932.0", "@aws-sdk/types": "3.930.0", "@smithy/property-provider": "^4.2.5", "@smithy/shared-ini-file-loader": "^4.4.0", "@smithy/types": "^4.9.0", "tslib": "^2.6.2" } }, "sha512-BodZYKvT4p/Dkm28Ql/FhDdS1+p51bcZeMMu2TRtU8PoMDHnVDhHz27zASEKSZwmhvquxHrZHB0IGuVqjZUtSQ=="],

    "@aws-sdk/credential-provider-sso": ["@aws-sdk/credential-provider-sso@3.932.0", "", { "dependencies": { "@aws-sdk/client-sso": "3.932.0", "@aws-sdk/core": "3.932.0", "@aws-sdk/token-providers": "3.932.0", "@aws-sdk/types": "3.930.0", "@smithy/property-provider": "^4.2.5", "@smithy/shared-ini-file-loader": "^4.4.0", "@smithy/types": "^4.9.0", "tslib": "^2.6.2" } }, "sha512-XYmkv+ltBjjmPZ6AmR1ZQZkQfD0uzG61M18/Lif3HAGxyg3dmod0aWx9aL6lj9SvxAGqzscrx5j4PkgLqjZruw=="],

    "@aws-sdk/credential-provider-web-identity": ["@aws-sdk/credential-provider-web-identity@3.932.0", "", { "dependencies": { "@aws-sdk/core": "3.932.0", "@aws-sdk/nested-clients": "3.932.0", "@aws-sdk/types": "3.930.0", "@smithy/property-provider": "^4.2.5", "@smithy/shared-ini-file-loader": "^4.4.0", "@smithy/types": "^4.9.0", "tslib": "^2.6.2" } }, "sha512-Yw/hYNnC1KHuVIQF9PkLXbuKN7ljx70OSbJYDRufllQvej3kRwNcqQSnzI1M4KaObccqKaE6srg22DqpPy9p8w=="],

    "@aws-sdk/middleware-bucket-endpoint": ["@aws-sdk/middleware-bucket-endpoint@3.930.0", "", { "dependencies": { "@aws-sdk/types": "3.930.0", "@aws-sdk/util-arn-parser": "3.893.0", "@smithy/node-config-provider": "^4.3.5", "@smithy/protocol-http": "^5.3.5", "@smithy/types": "^4.9.0", "@smithy/util-config-provider": "^4.2.0", "tslib": "^2.6.2" } }, "sha512-cnCLWeKPYgvV4yRYPFH6pWMdUByvu2cy2BAlfsPpvnm4RaVioztyvxmQj5PmVN5fvWs5w/2d6U7le8X9iye2sA=="],

    "@aws-sdk/middleware-expect-continue": ["@aws-sdk/middleware-expect-continue@3.930.0", "", { "dependencies": { "@aws-sdk/types": "3.930.0", "@smithy/protocol-http": "^5.3.5", "@smithy/types": "^4.9.0", "tslib": "^2.6.2" } }, "sha512-5HEQ+JU4DrLNWeY27wKg/jeVa8Suy62ivJHOSUf6e6hZdVIMx0h/kXS1fHEQNNiLu2IzSEP/bFXsKBaW7x7s0g=="],

    "@aws-sdk/middleware-flexible-checksums": ["@aws-sdk/middleware-flexible-checksums@3.932.0", "", { "dependencies": { "@aws-crypto/crc32": "5.2.0", "@aws-crypto/crc32c": "5.2.0", "@aws-crypto/util": "5.2.0", "@aws-sdk/core": "3.932.0", "@aws-sdk/types": "3.930.0", "@smithy/is-array-buffer": "^4.2.0", "@smithy/node-config-provider": "^4.3.5", "@smithy/protocol-http": "^5.3.5", "@smithy/types": "^4.9.0", "@smithy/util-middleware": "^4.2.5", "@smithy/util-stream": "^4.5.6", "@smithy/util-utf8": "^4.2.0", "tslib": "^2.6.2" } }, "sha512-hyvRz/XS/0HTHp9/Ld1mKwpOi7bZu5olI42+T112rkCTbt1bewkygzEl4oflY4H7cKMamQusYoL0yBUD/QSEvA=="],

    "@aws-sdk/middleware-host-header": ["@aws-sdk/middleware-host-header@3.930.0", "", { "dependencies": { "@aws-sdk/types": "3.930.0", "@smithy/protocol-http": "^5.3.5", "@smithy/types": "^4.9.0", "tslib": "^2.6.2" } }, "sha512-x30jmm3TLu7b/b+67nMyoV0NlbnCVT5DI57yDrhXAPCtdgM1KtdLWt45UcHpKOm1JsaIkmYRh2WYu7Anx4MG0g=="],

    "@aws-sdk/middleware-location-constraint": ["@aws-sdk/middleware-location-constraint@3.930.0", "", { "dependencies": { "@aws-sdk/types": "3.930.0", "@smithy/types": "^4.9.0", "tslib": "^2.6.2" } }, "sha512-QIGNsNUdRICog+LYqmtJ03PLze6h2KCORXUs5td/hAEjVP5DMmubhtrGg1KhWyctACluUH/E/yrD14p4pRXxwA=="],

    "@aws-sdk/middleware-logger": ["@aws-sdk/middleware-logger@3.930.0", "", { "dependencies": { "@aws-sdk/types": "3.930.0", "@smithy/types": "^4.9.0", "tslib": "^2.6.2" } }, "sha512-vh4JBWzMCBW8wREvAwoSqB2geKsZwSHTa0nSt0OMOLp2PdTYIZDi0ZiVMmpfnjcx9XbS6aSluLv9sKx4RrG46A=="],

    "@aws-sdk/middleware-recursion-detection": ["@aws-sdk/middleware-recursion-detection@3.930.0", "", { "dependencies": { "@aws-sdk/types": "3.930.0", "@aws/lambda-invoke-store": "^0.1.1", "@smithy/protocol-http": "^5.3.5", "@smithy/types": "^4.9.0", "tslib": "^2.6.2" } }, "sha512-gv0sekNpa2MBsIhm2cjP3nmYSfI4nscx/+K9u9ybrWZBWUIC4kL2sV++bFjjUz4QxUIlvKByow3/a9ARQyCu7Q=="],

    "@aws-sdk/middleware-sdk-s3": ["@aws-sdk/middleware-sdk-s3@3.932.0", "", { "dependencies": { "@aws-sdk/core": "3.932.0", "@aws-sdk/types": "3.930.0", "@aws-sdk/util-arn-parser": "3.893.0", "@smithy/core": "^3.18.2", "@smithy/node-config-provider": "^4.3.5", "@smithy/protocol-http": "^5.3.5", "@smithy/signature-v4": "^5.3.5", "@smithy/smithy-client": "^4.9.5", "@smithy/types": "^4.9.0", "@smithy/util-config-provider": "^4.2.0", "@smithy/util-middleware": "^4.2.5", "@smithy/util-stream": "^4.5.6", "@smithy/util-utf8": "^4.2.0", "tslib": "^2.6.2" } }, "sha512-bYMHxqQzseaAP9Z5qLI918z5AtbAnZRRtFi3POb4FLZyreBMgCgBNaPkIhdgywnkqaydTWvbMBX4s9f4gUwlTw=="],

    "@aws-sdk/middleware-ssec": ["@aws-sdk/middleware-ssec@3.930.0", "", { "dependencies": { "@aws-sdk/types": "3.930.0", "@smithy/types": "^4.9.0", "tslib": "^2.6.2" } }, "sha512-N2/SvodmaDS6h7CWfuapt3oJyn1T2CBz0CsDIiTDv9cSagXAVFjPdm2g4PFJqrNBeqdDIoYBnnta336HmamWHg=="],

    "@aws-sdk/middleware-user-agent": ["@aws-sdk/middleware-user-agent@3.932.0", "", { "dependencies": { "@aws-sdk/core": "3.932.0", "@aws-sdk/types": "3.930.0", "@aws-sdk/util-endpoints": "3.930.0", "@smithy/core": "^3.18.2", "@smithy/protocol-http": "^5.3.5", "@smithy/types": "^4.9.0", "tslib": "^2.6.2" } }, "sha512-9BGTbJyA/4PTdwQWE9hAFIJGpsYkyEW20WON3i15aDqo5oRZwZmqaVageOD57YYqG8JDJjvcwKyDdR4cc38dvg=="],

    "@aws-sdk/nested-clients": ["@aws-sdk/nested-clients@3.932.0", "", { "dependencies": { "@aws-crypto/sha256-browser": "5.2.0", "@aws-crypto/sha256-js": "5.2.0", "@aws-sdk/core": "3.932.0", "@aws-sdk/middleware-host-header": "3.930.0", "@aws-sdk/middleware-logger": "3.930.0", "@aws-sdk/middleware-recursion-detection": "3.930.0", "@aws-sdk/middleware-user-agent": "3.932.0", "@aws-sdk/region-config-resolver": "3.930.0", "@aws-sdk/types": "3.930.0", "@aws-sdk/util-endpoints": "3.930.0", "@aws-sdk/util-user-agent-browser": "3.930.0", "@aws-sdk/util-user-agent-node": "3.932.0", "@smithy/config-resolver": "^4.4.3", "@smithy/core": "^3.18.2", "@smithy/fetch-http-handler": "^5.3.6", "@smithy/hash-node": "^4.2.5", "@smithy/invalid-dependency": "^4.2.5", "@smithy/middleware-content-length": "^4.2.5", "@smithy/middleware-endpoint": "^4.3.9", "@smithy/middleware-retry": "^4.4.9", "@smithy/middleware-serde": "^4.2.5", "@smithy/middleware-stack": "^4.2.5", "@smithy/node-config-provider": "^4.3.5", "@smithy/node-http-handler": "^4.4.5", "@smithy/protocol-http": "^5.3.5", "@smithy/smithy-client": "^4.9.5", "@smithy/types": "^4.9.0", "@smithy/url-parser": "^4.2.5", "@smithy/util-base64": "^4.3.0", "@smithy/util-body-length-browser": "^4.2.0", "@smithy/util-body-length-node": "^4.2.1", "@smithy/util-defaults-mode-browser": "^4.3.8", "@smithy/util-defaults-mode-node": "^4.2.11", "@smithy/util-endpoints": "^3.2.5", "@smithy/util-middleware": "^4.2.5", "@smithy/util-retry": "^4.2.5", "@smithy/util-utf8": "^4.2.0", "tslib": "^2.6.2" } }, "sha512-E2ucBfiXSpxZflHTf3UFbVwao4+7v7ctAeg8SWuglc1UMqMlpwMFFgWiSONtsf0SR3+ZDoWGATyCXOfDWerJuw=="],

    "@aws-sdk/region-config-resolver": ["@aws-sdk/region-config-resolver@3.930.0", "", { "dependencies": { "@aws-sdk/types": "3.930.0", "@smithy/config-resolver": "^4.4.3", "@smithy/node-config-provider": "^4.3.5", "@smithy/types": "^4.9.0", "tslib": "^2.6.2" } }, "sha512-KL2JZqH6aYeQssu1g1KuWsReupdfOoxD6f1as2VC+rdwYFUu4LfzMsFfXnBvvQWWqQ7rZHWOw1T+o5gJmg7Dzw=="],

    "@aws-sdk/s3-request-presigner": ["@aws-sdk/s3-request-presigner@3.932.0", "", { "dependencies": { "@aws-sdk/signature-v4-multi-region": "3.932.0", "@aws-sdk/types": "3.930.0", "@aws-sdk/util-format-url": "3.930.0", "@smithy/middleware-endpoint": "^4.3.9", "@smithy/protocol-http": "^5.3.5", "@smithy/smithy-client": "^4.9.5", "@smithy/types": "^4.9.0", "tslib": "^2.6.2" } }, "sha512-1cKnsenYzcRBA05GHho/+YnLLEmlyoGw+KAI5S5yfiul9HQDZU6KQ1+vblynyAS4LXwIgrutOUM3NxgSw3jFBQ=="],

    "@aws-sdk/signature-v4-multi-region": ["@aws-sdk/signature-v4-multi-region@3.932.0", "", { "dependencies": { "@aws-sdk/middleware-sdk-s3": "3.932.0", "@aws-sdk/types": "3.930.0", "@smithy/protocol-http": "^5.3.5", "@smithy/signature-v4": "^5.3.5", "@smithy/types": "^4.9.0", "tslib": "^2.6.2" } }, "sha512-NCIRJvoRc9246RZHIusY1+n/neeG2yGhBGdKhghmrNdM+mLLN6Ii7CKFZjx3DhxtpHMpl1HWLTMhdVrGwP2upw=="],

    "@aws-sdk/token-providers": ["@aws-sdk/token-providers@3.932.0", "", { "dependencies": { "@aws-sdk/core": "3.932.0", "@aws-sdk/nested-clients": "3.932.0", "@aws-sdk/types": "3.930.0", "@smithy/property-provider": "^4.2.5", "@smithy/shared-ini-file-loader": "^4.4.0", "@smithy/types": "^4.9.0", "tslib": "^2.6.2" } }, "sha512-43u82ulVuHK4zWhcSPyuPS18l0LNHi3QJQ1YtP2MfP8bPf5a6hMYp5e3lUr9oTDEWcpwBYtOW0m1DVmoU/3veA=="],

    "@aws-sdk/types": ["@aws-sdk/types@3.930.0", "", { "dependencies": { "@smithy/types": "^4.9.0", "tslib": "^2.6.2" } }, "sha512-we/vaAgwlEFW7IeftmCLlLMw+6hFs3DzZPJw7lVHbj/5HJ0bz9gndxEsS2lQoeJ1zhiiLqAqvXxmM43s0MBg0A=="],

    "@aws-sdk/util-arn-parser": ["@aws-sdk/util-arn-parser@3.893.0", "", { "dependencies": { "tslib": "^2.6.2" } }, "sha512-u8H4f2Zsi19DGnwj5FSZzDMhytYF/bCh37vAtBsn3cNDL3YG578X5oc+wSX54pM3tOxS+NY7tvOAo52SW7koUA=="],

    "@aws-sdk/util-endpoints": ["@aws-sdk/util-endpoints@3.930.0", "", { "dependencies": { "@aws-sdk/types": "3.930.0", "@smithy/types": "^4.9.0", "@smithy/url-parser": "^4.2.5", "@smithy/util-endpoints": "^3.2.5", "tslib": "^2.6.2" } }, "sha512-M2oEKBzzNAYr136RRc6uqw3aWlwCxqTP1Lawps9E1d2abRPvl1p1ztQmmXp1Ak4rv8eByIZ+yQyKQ3zPdRG5dw=="],

    "@aws-sdk/util-format-url": ["@aws-sdk/util-format-url@3.930.0", "", { "dependencies": { "@aws-sdk/types": "3.930.0", "@smithy/querystring-builder": "^4.2.5", "@smithy/types": "^4.9.0", "tslib": "^2.6.2" } }, "sha512-FW6Im17Zc7F5WT39XUgDOjtJO95Yu8rsmeRHf7z+Y3FamtTSzH4f713BD/qMyJBrZIlFACWlok/Uuvdl5/qtMg=="],

    "@aws-sdk/util-locate-window": ["@aws-sdk/util-locate-window@3.893.0", "", { "dependencies": { "tslib": "^2.6.2" } }, "sha512-T89pFfgat6c8nMmpI8eKjBcDcgJq36+m9oiXbcUzeU55MP9ZuGgBomGjGnHaEyF36jenW9gmg3NfZDm0AO2XPg=="],

    "@aws-sdk/util-user-agent-browser": ["@aws-sdk/util-user-agent-browser@3.930.0", "", { "dependencies": { "@aws-sdk/types": "3.930.0", "@smithy/types": "^4.9.0", "bowser": "^2.11.0", "tslib": "^2.6.2" } }, "sha512-q6lCRm6UAe+e1LguM5E4EqM9brQlDem4XDcQ87NzEvlTW6GzmNCO0w1jS0XgCFXQHjDxjdlNFX+5sRbHijwklg=="],

    "@aws-sdk/util-user-agent-node": ["@aws-sdk/util-user-agent-node@3.932.0", "", { "dependencies": { "@aws-sdk/middleware-user-agent": "3.932.0", "@aws-sdk/types": "3.930.0", "@smithy/node-config-provider": "^4.3.5", "@smithy/types": "^4.9.0", "tslib": "^2.6.2" }, "peerDependencies": { "aws-crt": ">=1.0.0" }, "optionalPeers": ["aws-crt"] }, "sha512-/kC6cscHrZL74TrZtgiIL5jJNbVsw9duGGPurmaVgoCbP7NnxyaSWEurbNV3VPNPhNE3bV3g4Ci+odq+AlsYQg=="],

    "@aws-sdk/xml-builder": ["@aws-sdk/xml-builder@3.930.0", "", { "dependencies": { "@smithy/types": "^4.9.0", "fast-xml-parser": "5.2.5", "tslib": "^2.6.2" } }, "sha512-YIfkD17GocxdmlUVc3ia52QhcWuRIUJonbF8A2CYfcWNV3HzvAqpcPeC0bYUhkK+8e8YO1ARnLKZQE0TlwzorA=="],

    "@aws/lambda-invoke-store": ["@aws/lambda-invoke-store@0.1.1", "", {}, "sha512-RcLam17LdlbSOSp9VxmUu1eI6Mwxp+OwhD2QhiSNmNCzoDb0EeUXTD2n/WbcnrAYMGlmf05th6QYq23VqvJqpA=="],

    "@duckdb/node-api": ["@duckdb/node-api@1.4.2-r.1", "", { "dependencies": { "@duckdb/node-bindings": "1.4.2-r.1" } }, "sha512-8Ef4R/Lq+rXTpcqZIJZe6ALfgMGxy88HmiPvRpWrRw1fUTy85x1U0NnGrqCklZsmWyZUdPwVYj90MQOF2MY/TA=="],

    "@duckdb/node-bindings": ["@duckdb/node-bindings@1.4.2-r.1", "", { "optionalDependencies": { "@duckdb/node-bindings-darwin-arm64": "1.4.2-r.1", "@duckdb/node-bindings-darwin-x64": "1.4.2-r.1", "@duckdb/node-bindings-linux-arm64": "1.4.2-r.1", "@duckdb/node-bindings-linux-x64": "1.4.2-r.1", "@duckdb/node-bindings-win32-x64": "1.4.2-r.1" } }, "sha512-z0pJCdEnIj0Famkip6w7JZ/A17nm5VcYc6H7isOHXfEnPhBQ9PBusUTFgIzl6+3J8HOFQOv0szJq46zldbsHfQ=="],

    "@duckdb/node-bindings-darwin-arm64": ["@duckdb/node-bindings-darwin-arm64@1.4.2-r.1", "", { "os": "darwin", "cpu": "arm64" }, "sha512-C4yBI3zBX7iZ9iq8zJDvPatXA+2xM22sg1kX3fx76nG+qTqKtU/dGFVYL7Fx6cBYxBO1ZZ8Y+vjgYb6/bich8A=="],

    "@duckdb/node-bindings-darwin-x64": ["@duckdb/node-bindings-darwin-x64@1.4.2-r.1", "", { "os": "darwin", "cpu": "x64" }, "sha512-dgTSBuEfWyhymYovsGoRESjqcJuZWwJqla9l89SSsBDrGYcUp+EHsXUF73oUCspzTesT2lOvHrDufO8pKgtudw=="],

    "@duckdb/node-bindings-linux-arm64": ["@duckdb/node-bindings-linux-arm64@1.4.2-r.1", "", { "os": "linux", "cpu": "arm64" }, "sha512-r2Ml1LvU2vkVMx4YU04T79FjGkYg8YMVtbOz7j740SZGIi5Cch5P1/oy48jJBWRqoaXuqimpYWeTZiGVeCQiZA=="],

    "@duckdb/node-bindings-linux-x64": ["@duckdb/node-bindings-linux-x64@1.4.2-r.1", "", { "os": "linux", "cpu": "x64" }, "sha512-ed5KiNIu1rqSva5rgo4PRVYSmBolAMVqGFWsYWLoRZ94ka2F/dHwJNkarCTmBFCEDGVZWzWzjRyWTQgYTvQxTg=="],

    "@duckdb/node-bindings-win32-x64": ["@duckdb/node-bindings-win32-x64@1.4.2-r.1", "", { "os": "win32", "cpu": "x64" }, "sha512-kIIT8tuoW3mzr9EPcdSoKfv9CgOhTqRryHDI10Z0nuhc9UhqOWPUM/LnSUebfo1mdD9Drm7YrKCKYxNTr5dqBQ=="],

    "@pinojs/redact": ["@pinojs/redact@0.4.0", "", {}, "sha512-k2ENnmBugE/rzQfEcdWHcCY+/FM3VLzH9cYEsbdsoqrvzAKRhUZeRNhAZvB8OitQJ1TBed3yqWtdjzS6wJKBwg=="],

    "@smithy/abort-controller": ["@smithy/abort-controller@4.2.5", "", { "dependencies": { "@smithy/types": "^4.9.0", "tslib": "^2.6.2" } }, "sha512-j7HwVkBw68YW8UmFRcjZOmssE77Rvk0GWAIN1oFBhsaovQmZWYCIcGa9/pwRB0ExI8Sk9MWNALTjftjHZea7VA=="],

    "@smithy/chunked-blob-reader": ["@smithy/chunked-blob-reader@5.2.0", "", { "dependencies": { "tslib": "^2.6.2" } }, "sha512-WmU0TnhEAJLWvfSeMxBNe5xtbselEO8+4wG0NtZeL8oR21WgH1xiO37El+/Y+H/Ie4SCwBy3MxYWmOYaGgZueA=="],

    "@smithy/chunked-blob-reader-native": ["@smithy/chunked-blob-reader-native@4.2.1", "", { "dependencies": { "@smithy/util-base64": "^4.3.0", "tslib": "^2.6.2" } }, "sha512-lX9Ay+6LisTfpLid2zZtIhSEjHMZoAR5hHCR4H7tBz/Zkfr5ea8RcQ7Tk4mi0P76p4cN+Btz16Ffno7YHpKXnQ=="],

    "@smithy/config-resolver": ["@smithy/config-resolver@4.4.3", "", { "dependencies": { "@smithy/node-config-provider": "^4.3.5", "@smithy/types": "^4.9.0", "@smithy/util-config-provider": "^4.2.0", "@smithy/util-endpoints": "^3.2.5", "@smithy/util-middleware": "^4.2.5", "tslib": "^2.6.2" } }, "sha512-ezHLe1tKLUxDJo2LHtDuEDyWXolw8WGOR92qb4bQdWq/zKenO5BvctZGrVJBK08zjezSk7bmbKFOXIVyChvDLw=="],

    "@smithy/core": ["@smithy/core@3.18.4", "", { "dependencies": { "@smithy/middleware-serde": "^4.2.6", "@smithy/protocol-http": "^5.3.5", "@smithy/types": "^4.9.0", "@smithy/util-base64": "^4.3.0", "@smithy/util-body-length-browser": "^4.2.0", "@smithy/util-middleware": "^4.2.5", "@smithy/util-stream": "^4.5.6", "@smithy/util-utf8": "^4.2.0", "@smithy/uuid": "^1.1.0", "tslib": "^2.6.2" } }, "sha512-o5tMqPZILBvvROfC8vC+dSVnWJl9a0u9ax1i1+Bq8515eYjUJqqk5XjjEsDLoeL5dSqGSh6WGdVx1eJ1E/Nwhw=="],

    "@smithy/credential-provider-imds": ["@smithy/credential-provider-imds@4.2.5", "", { "dependencies": { "@smithy/node-config-provider": "^4.3.5", "@smithy/property-provider": "^4.2.5", "@smithy/types": "^4.9.0", "@smithy/url-parser": "^4.2.5", "tslib": "^2.6.2" } }, "sha512-BZwotjoZWn9+36nimwm/OLIcVe+KYRwzMjfhd4QT7QxPm9WY0HiOV8t/Wlh+HVUif0SBVV7ksq8//hPaBC/okQ=="],

    "@smithy/eventstream-codec": ["@smithy/eventstream-codec@4.2.5", "", { "dependencies": { "@aws-crypto/crc32": "5.2.0", "@smithy/types": "^4.9.0", "@smithy/util-hex-encoding": "^4.2.0", "tslib": "^2.6.2" } }, "sha512-Ogt4Zi9hEbIP17oQMd68qYOHUzmH47UkK7q7Gl55iIm9oKt27MUGrC5JfpMroeHjdkOliOA4Qt3NQ1xMq/nrlA=="],

    "@smithy/eventstream-serde-browser": ["@smithy/eventstream-serde-browser@4.2.5", "", { "dependencies": { "@smithy/eventstream-serde-universal": "^4.2.5", "@smithy/types": "^4.9.0", "tslib": "^2.6.2" } }, "sha512-HohfmCQZjppVnKX2PnXlf47CW3j92Ki6T/vkAT2DhBR47e89pen3s4fIa7otGTtrVxmj7q+IhH0RnC5kpR8wtw=="],

    "@smithy/eventstream-serde-config-resolver": ["@smithy/eventstream-serde-config-resolver@4.3.5", "", { "dependencies": { "@smithy/types": "^4.9.0", "tslib": "^2.6.2" } }, "sha512-ibjQjM7wEXtECiT6my1xfiMH9IcEczMOS6xiCQXoUIYSj5b1CpBbJ3VYbdwDy8Vcg5JHN7eFpOCGk8nyZAltNQ=="],

    "@smithy/eventstream-serde-node": ["@smithy/eventstream-serde-node@4.2.5", "", { "dependencies": { "@smithy/eventstream-serde-universal": "^4.2.5", "@smithy/types": "^4.9.0", "tslib": "^2.6.2" } }, "sha512-+elOuaYx6F2H6x1/5BQP5ugv12nfJl66GhxON8+dWVUEDJ9jah/A0tayVdkLRP0AeSac0inYkDz5qBFKfVp2Gg=="],

    "@smithy/eventstream-serde-universal": ["@smithy/eventstream-serde-universal@4.2.5", "", { "dependencies": { "@smithy/eventstream-codec": "^4.2.5", "@smithy/types": "^4.9.0", "tslib": "^2.6.2" } }, "sha512-G9WSqbST45bmIFaeNuP/EnC19Rhp54CcVdX9PDL1zyEB514WsDVXhlyihKlGXnRycmHNmVv88Bvvt4EYxWef/Q=="],

    "@smithy/fetch-http-handler": ["@smithy/fetch-http-handler@5.3.6", "", { "dependencies": { "@smithy/protocol-http": "^5.3.5", "@smithy/querystring-builder": "^4.2.5", "@smithy/types": "^4.9.0", "@smithy/util-base64": "^4.3.0", "tslib": "^2.6.2" } }, "sha512-3+RG3EA6BBJ/ofZUeTFJA7mHfSYrZtQIrDP9dI8Lf7X6Jbos2jptuLrAAteDiFVrmbEmLSuRG/bUKzfAXk7dhg=="],

    "@smithy/hash-blob-browser": ["@smithy/hash-blob-browser@4.2.6", "", { "dependencies": { "@smithy/chunked-blob-reader": "^5.2.0", "@smithy/chunked-blob-reader-native": "^4.2.1", "@smithy/types": "^4.9.0", "tslib": "^2.6.2" } }, "sha512-8P//tA8DVPk+3XURk2rwcKgYwFvwGwmJH/wJqQiSKwXZtf/LiZK+hbUZmPj/9KzM+OVSwe4o85KTp5x9DUZTjw=="],

    "@smithy/hash-node": ["@smithy/hash-node@4.2.5", "", { "dependencies": { "@smithy/types": "^4.9.0", "@smithy/util-buffer-from": "^4.2.0", "@smithy/util-utf8": "^4.2.0", "tslib": "^2.6.2" } }, "sha512-DpYX914YOfA3UDT9CN1BM787PcHfWRBB43fFGCYrZFUH0Jv+5t8yYl+Pd5PW4+QzoGEDvn5d5QIO4j2HyYZQSA=="],

    "@smithy/hash-stream-node": ["@smithy/hash-stream-node@4.2.5", "", { "dependencies": { "@smithy/types": "^4.9.0", "@smithy/util-utf8": "^4.2.0", "tslib": "^2.6.2" } }, "sha512-6+do24VnEyvWcGdHXomlpd0m8bfZePpUKBy7m311n+JuRwug8J4dCanJdTymx//8mi0nlkflZBvJe+dEO/O12Q=="],

    "@smithy/invalid-dependency": ["@smithy/invalid-dependency@4.2.5", "", { "dependencies": { "@smithy/types": "^4.9.0", "tslib": "^2.6.2" } }, "sha512-2L2erASEro1WC5nV+plwIMxrTXpvpfzl4e+Nre6vBVRR2HKeGGcvpJyyL3/PpiSg+cJG2KpTmZmq934Olb6e5A=="],

    "@smithy/is-array-buffer": ["@smithy/is-array-buffer@4.2.0", "", { "dependencies": { "tslib": "^2.6.2" } }, "sha512-DZZZBvC7sjcYh4MazJSGiWMI2L7E0oCiRHREDzIxi/M2LY79/21iXt6aPLHge82wi5LsuRF5A06Ds3+0mlh6CQ=="],

    "@smithy/md5-js": ["@smithy/md5-js@4.2.5", "", { "dependencies": { "@smithy/types": "^4.9.0", "@smithy/util-utf8": "^4.2.0", "tslib": "^2.6.2" } }, "sha512-Bt6jpSTMWfjCtC0s79gZ/WZ1w90grfmopVOWqkI2ovhjpD5Q2XRXuecIPB9689L2+cCySMbaXDhBPU56FKNDNg=="],

    "@smithy/middleware-content-length": ["@smithy/middleware-content-length@4.2.5", "", { "dependencies": { "@smithy/protocol-http": "^5.3.5", "@smithy/types": "^4.9.0", "tslib": "^2.6.2" } }, "sha512-Y/RabVa5vbl5FuHYV2vUCwvh/dqzrEY/K2yWPSqvhFUwIY0atLqO4TienjBXakoy4zrKAMCZwg+YEqmH7jaN7A=="],

    "@smithy/middleware-endpoint": ["@smithy/middleware-endpoint@4.3.11", "", { "dependencies": { "@smithy/core": "^3.18.4", "@smithy/middleware-serde": "^4.2.6", "@smithy/node-config-provider": "^4.3.5", "@smithy/shared-ini-file-loader": "^4.4.0", "@smithy/types": "^4.9.0", "@smithy/url-parser": "^4.2.5", "@smithy/util-middleware": "^4.2.5", "tslib": "^2.6.2" } }, "sha512-eJXq9VJzEer1W7EQh3HY2PDJdEcEUnv6sKuNt4eVjyeNWcQFS4KmnY+CKkYOIR6tSqarn6bjjCqg1UB+8UJiPQ=="],

    "@smithy/middleware-retry": ["@smithy/middleware-retry@4.4.11", "", { "dependencies": { "@smithy/node-config-provider": "^4.3.5", "@smithy/protocol-http": "^5.3.5", "@smithy/service-error-classification": "^4.2.5", "@smithy/smithy-client": "^4.9.7", "@smithy/types": "^4.9.0", "@smithy/util-middleware": "^4.2.5", "@smithy/util-retry": "^4.2.5", "@smithy/uuid": "^1.1.0", "tslib": "^2.6.2" } }, "sha512-EL5OQHvFOKneJVRgzRW4lU7yidSwp/vRJOe542bHgExN3KNThr1rlg0iE4k4SnA+ohC+qlUxoK+smKeAYPzfAQ=="],

    "@smithy/middleware-serde": ["@smithy/middleware-serde@4.2.6", "", { "dependencies": { "@smithy/protocol-http": "^5.3.5", "@smithy/types": "^4.9.0", "tslib": "^2.6.2" } }, "sha512-VkLoE/z7e2g8pirwisLz8XJWedUSY8my/qrp81VmAdyrhi94T+riBfwP+AOEEFR9rFTSonC/5D2eWNmFabHyGQ=="],

    "@smithy/middleware-stack": ["@smithy/middleware-stack@4.2.5", "", { "dependencies": { "@smithy/types": "^4.9.0", "tslib": "^2.6.2" } }, "sha512-bYrutc+neOyWxtZdbB2USbQttZN0mXaOyYLIsaTbJhFsfpXyGWUxJpEuO1rJ8IIJm2qH4+xJT0mxUSsEDTYwdQ=="],

    "@smithy/node-config-provider": ["@smithy/node-config-provider@4.3.5", "", { "dependencies": { "@smithy/property-provider": "^4.2.5", "@smithy/shared-ini-file-loader": "^4.4.0", "@smithy/types": "^4.9.0", "tslib": "^2.6.2" } }, "sha512-UTurh1C4qkVCtqggI36DGbLB2Kv8UlcFdMXDcWMbqVY2uRg0XmT9Pb4Vj6oSQ34eizO1fvR0RnFV4Axw4IrrAg=="],

    "@smithy/node-http-handler": ["@smithy/node-http-handler@4.4.5", "", { "dependencies": { "@smithy/abort-controller": "^4.2.5", "@smithy/protocol-http": "^5.3.5", "@smithy/querystring-builder": "^4.2.5", "@smithy/types": "^4.9.0", "tslib": "^2.6.2" } }, "sha512-CMnzM9R2WqlqXQGtIlsHMEZfXKJVTIrqCNoSd/QpAyp+Dw0a1Vps13l6ma1fH8g7zSPNsA59B/kWgeylFuA/lw=="],

    "@smithy/property-provider": ["@smithy/property-provider@4.2.5", "", { "dependencies": { "@smithy/types": "^4.9.0", "tslib": "^2.6.2" } }, "sha512-8iLN1XSE1rl4MuxvQ+5OSk/Zb5El7NJZ1td6Tn+8dQQHIjp59Lwl6bd0+nzw6SKm2wSSriH2v/I9LPzUic7EOg=="],

    "@smithy/protocol-http": ["@smithy/protocol-http@5.3.5", "", { "dependencies": { "@smithy/types": "^4.9.0", "tslib": "^2.6.2" } }, "sha512-RlaL+sA0LNMp03bf7XPbFmT5gN+w3besXSWMkA8rcmxLSVfiEXElQi4O2IWwPfxzcHkxqrwBFMbngB8yx/RvaQ=="],

    "@smithy/querystring-builder": ["@smithy/querystring-builder@4.2.5", "", { "dependencies": { "@smithy/types": "^4.9.0", "@smithy/util-uri-escape": "^4.2.0", "tslib": "^2.6.2" } }, "sha512-y98otMI1saoajeik2kLfGyRp11e5U/iJYH/wLCh3aTV/XutbGT9nziKGkgCaMD1ghK7p6htHMm6b6scl9JRUWg=="],

    "@smithy/querystring-parser": ["@smithy/querystring-parser@4.2.5", "", { "dependencies": { "@smithy/types": "^4.9.0", "tslib": "^2.6.2" } }, "sha512-031WCTdPYgiQRYNPXznHXof2YM0GwL6SeaSyTH/P72M1Vz73TvCNH2Nq8Iu2IEPq9QP2yx0/nrw5YmSeAi/AjQ=="],

    "@smithy/service-error-classification": ["@smithy/service-error-classification@4.2.5", "", { "dependencies": { "@smithy/types": "^4.9.0" } }, "sha512-8fEvK+WPE3wUAcDvqDQG1Vk3ANLR8Px979te96m84CbKAjBVf25rPYSzb4xU4hlTyho7VhOGnh5i62D/JVF0JQ=="],

    "@smithy/shared-ini-file-loader": ["@smithy/shared-ini-file-loader@4.4.0", "", { "dependencies": { "@smithy/types": "^4.9.0", "tslib": "^2.6.2" } }, "sha512-5WmZ5+kJgJDjwXXIzr1vDTG+RhF9wzSODQBfkrQ2VVkYALKGvZX1lgVSxEkgicSAFnFhPj5rudJV0zoinqS0bA=="],

    "@smithy/signature-v4": ["@smithy/signature-v4@5.3.5", "", { "dependencies": { "@smithy/is-array-buffer": "^4.2.0", "@smithy/protocol-http": "^5.3.5", "@smithy/types": "^4.9.0", "@smithy/util-hex-encoding": "^4.2.0", "@smithy/util-middleware": "^4.2.5", "@smithy/util-uri-escape": "^4.2.0", "@smithy/util-utf8": "^4.2.0", "tslib": "^2.6.2" } }, "sha512-xSUfMu1FT7ccfSXkoLl/QRQBi2rOvi3tiBZU2Tdy3I6cgvZ6SEi9QNey+lqps/sJRnogIS+lq+B1gxxbra2a/w=="],

    "@smithy/smithy-client": ["@smithy/smithy-client@4.9.7", "", { "dependencies": { "@smithy/core": "^3.18.4", "@smithy/middleware-endpoint": "^4.3.11", "@smithy/middleware-stack": "^4.2.5", "@smithy/protocol-http": "^5.3.5", "@smithy/types": "^4.9.0", "@smithy/util-stream": "^4.5.6", "tslib": "^2.6.2" } }, "sha512-pskaE4kg0P9xNQWihfqlTMyxyFR3CH6Sr6keHYghgyqqDXzjl2QJg5lAzuVe/LzZiOzcbcVtxKYi1/fZPt/3DA=="],

    "@smithy/types": ["@smithy/types@4.9.0", "", { "dependencies": { "tslib": "^2.6.2" } }, "sha512-MvUbdnXDTwykR8cB1WZvNNwqoWVaTRA0RLlLmf/cIFNMM2cKWz01X4Ly6SMC4Kks30r8tT3Cty0jmeWfiuyHTA=="],

    "@smithy/url-parser": ["@smithy/url-parser@4.2.5", "", { "dependencies": { "@smithy/querystring-parser": "^4.2.5", "@smithy/types": "^4.9.0", "tslib": "^2.6.2" } }, "sha512-VaxMGsilqFnK1CeBX+LXnSuaMx4sTL/6znSZh2829txWieazdVxr54HmiyTsIbpOTLcf5nYpq9lpzmwRdxj6rQ=="],

    "@smithy/util-base64": ["@smithy/util-base64@4.3.0", "", { "dependencies": { "@smithy/util-buffer-from": "^4.2.0", "@smithy/util-utf8": "^4.2.0", "tslib": "^2.6.2" } }, "sha512-GkXZ59JfyxsIwNTWFnjmFEI8kZpRNIBfxKjv09+nkAWPt/4aGaEWMM04m4sxgNVWkbt2MdSvE3KF/PfX4nFedQ=="],

    "@smithy/util-body-length-browser": ["@smithy/util-body-length-browser@4.2.0", "", { "dependencies": { "tslib": "^2.6.2" } }, "sha512-Fkoh/I76szMKJnBXWPdFkQJl2r9SjPt3cMzLdOB6eJ4Pnpas8hVoWPYemX/peO0yrrvldgCUVJqOAjUrOLjbxg=="],

    "@smithy/util-body-length-node": ["@smithy/util-body-length-node@4.2.1", "", { "dependencies": { "tslib": "^2.6.2" } }, "sha512-h53dz/pISVrVrfxV1iqXlx5pRg3V2YWFcSQyPyXZRrZoZj4R4DeWRDo1a7dd3CPTcFi3kE+98tuNyD2axyZReA=="],

    "@smithy/util-buffer-from": ["@smithy/util-buffer-from@4.2.0", "", { "dependencies": { "@smithy/is-array-buffer": "^4.2.0", "tslib": "^2.6.2" } }, "sha512-kAY9hTKulTNevM2nlRtxAG2FQ3B2OR6QIrPY3zE5LqJy1oxzmgBGsHLWTcNhWXKchgA0WHW+mZkQrng/pgcCew=="],

    "@smithy/util-config-provider": ["@smithy/util-config-provider@4.2.0", "", { "dependencies": { "tslib": "^2.6.2" } }, "sha512-YEjpl6XJ36FTKmD+kRJJWYvrHeUvm5ykaUS5xK+6oXffQPHeEM4/nXlZPe+Wu0lsgRUcNZiliYNh/y7q9c2y6Q=="],

    "@smithy/util-defaults-mode-browser": ["@smithy/util-defaults-mode-browser@4.3.10", "", { "dependencies": { "@smithy/property-provider": "^4.2.5", "@smithy/smithy-client": "^4.9.7", "@smithy/types": "^4.9.0", "tslib": "^2.6.2" } }, "sha512-3iA3JVO1VLrP21FsZZpMCeF93aqP3uIOMvymAT3qHIJz2YlgDeRvNUspFwCNqd/j3qqILQJGtsVQnJZICh/9YA=="],

    "@smithy/util-defaults-mode-node": ["@smithy/util-defaults-mode-node@4.2.13", "", { "dependencies": { "@smithy/config-resolver": "^4.4.3", "@smithy/credential-provider-imds": "^4.2.5", "@smithy/node-config-provider": "^4.3.5", "@smithy/property-provider": "^4.2.5", "@smithy/smithy-client": "^4.9.7", "@smithy/types": "^4.9.0", "tslib": "^2.6.2" } }, "sha512-PTc6IpnpSGASuzZAgyUtaVfOFpU0jBD2mcGwrgDuHf7PlFgt5TIPxCYBDbFQs06jxgeV3kd/d/sok1pzV0nJRg=="],

    "@smithy/util-endpoints": ["@smithy/util-endpoints@3.2.5", "", { "dependencies": { "@smithy/node-config-provider": "^4.3.5", "@smithy/types": "^4.9.0", "tslib": "^2.6.2" } }, "sha512-3O63AAWu2cSNQZp+ayl9I3NapW1p1rR5mlVHcF6hAB1dPZUQFfRPYtplWX/3xrzWthPGj5FqB12taJJCfH6s8A=="],

    "@smithy/util-hex-encoding": ["@smithy/util-hex-encoding@4.2.0", "", { "dependencies": { "tslib": "^2.6.2" } }, "sha512-CCQBwJIvXMLKxVbO88IukazJD9a4kQ9ZN7/UMGBjBcJYvatpWk+9g870El4cB8/EJxfe+k+y0GmR9CAzkF+Nbw=="],

    "@smithy/util-middleware": ["@smithy/util-middleware@4.2.5", "", { "dependencies": { "@smithy/types": "^4.9.0", "tslib": "^2.6.2" } }, "sha512-6Y3+rvBF7+PZOc40ybeZMcGln6xJGVeY60E7jy9Mv5iKpMJpHgRE6dKy9ScsVxvfAYuEX4Q9a65DQX90KaQ3bA=="],

    "@smithy/util-retry": ["@smithy/util-retry@4.2.5", "", { "dependencies": { "@smithy/service-error-classification": "^4.2.5", "@smithy/types": "^4.9.0", "tslib": "^2.6.2" } }, "sha512-GBj3+EZBbN4NAqJ/7pAhsXdfzdlznOh8PydUijy6FpNIMnHPSMO2/rP4HKu+UFeikJxShERk528oy7GT79YiJg=="],

    "@smithy/util-stream": ["@smithy/util-stream@4.5.6", "", { "dependencies": { "@smithy/fetch-http-handler": "^5.3.6", "@smithy/node-http-handler": "^4.4.5", "@smithy/types": "^4.9.0", "@smithy/util-base64": "^4.3.0", "@smithy/util-buffer-from": "^4.2.0", "@smithy/util-hex-encoding": "^4.2.0", "@smithy/util-utf8": "^4.2.0", "tslib": "^2.6.2" } }, "sha512-qWw/UM59TiaFrPevefOZ8CNBKbYEP6wBAIlLqxn3VAIo9rgnTNc4ASbVrqDmhuwI87usnjhdQrxodzAGFFzbRQ=="],

    "@smithy/util-uri-escape": ["@smithy/util-uri-escape@4.2.0", "", { "dependencies": { "tslib": "^2.6.2" } }, "sha512-igZpCKV9+E/Mzrpq6YacdTQ0qTiLm85gD6N/IrmyDvQFA4UnU3d5g3m8tMT/6zG/vVkWSU+VxeUyGonL62DuxA=="],

    "@smithy/util-utf8": ["@smithy/util-utf8@4.2.0", "", { "dependencies": { "@smithy/util-buffer-from": "^4.2.0", "tslib": "^2.6.2" } }, "sha512-zBPfuzoI8xyBtR2P6WQj63Rz8i3AmfAaJLuNG8dWsfvPe8lO4aCPYLn879mEgHndZH1zQ2oXmG8O1GGzzaoZiw=="],

    "@smithy/util-waiter": ["@smithy/util-waiter@4.2.5", "", { "dependencies": { "@smithy/abort-controller": "^4.2.5", "@smithy/types": "^4.9.0", "tslib": "^2.6.2" } }, "sha512-Dbun99A3InifQdIrsXZ+QLcC0PGBPAdrl4cj1mTgJvyc9N2zf7QSxg8TBkzsCmGJdE3TLbO9ycwpY0EkWahQ/g=="],

    "@smithy/uuid": ["@smithy/uuid@1.1.0", "", { "dependencies": { "tslib": "^2.6.2" } }, "sha512-4aUIteuyxtBUhVdiQqcDhKFitwfd9hqoSDYY2KRXiWtgoWJ9Bmise+KfEPDiVHWeJepvF8xJO9/9+WDIciMFFw=="],

    "@types/bun": ["@types/bun@1.3.2", "", { "dependencies": { "bun-types": "1.3.2" } }, "sha512-t15P7k5UIgHKkxwnMNkJbWlh/617rkDGEdSsDbu+qNHTaz9SKf7aC8fiIlUdD5RPpH6GEkP0cK7WlvmrEBRtWg=="],

    "@types/node": ["@types/node@24.10.1", "", { "dependencies": { "undici-types": "~7.16.0" } }, "sha512-GNWcUTRBgIRJD5zj+Tq0fKOJ5XZajIiBroOF0yvj2bSU1WvNdYS/dn9UxwsujGW4JX06dnHyjV2y9rRaybH0iQ=="],

    "@types/react": ["@types/react@19.2.5", "", { "dependencies": { "csstype": "^3.0.2" } }, "sha512-keKxkZMqnDicuvFoJbzrhbtdLSPhj/rZThDlKWCDbgXmUg0rEUFtRssDXKYmtXluZlIqiC5VqkCgRwzuyLHKHw=="],

    "atomic-sleep": ["atomic-sleep@1.0.0", "", {}, "sha512-kNOjDqAh7px0XWNI+4QbzoiR/nTkHAWNud2uvnJquD1/x5a7EQZMJT0AczqK0Qn67oY/TTQ1LbUKajZpp3I9tQ=="],

    "bowser": ["bowser@2.12.1", "", {}, "sha512-z4rE2Gxh7tvshQ4hluIT7XcFrgLIQaw9X3A+kTTRdovCz5PMukm/0QC/BKSYPj3omF5Qfypn9O/c5kgpmvYUCw=="],

    "bun-types": ["bun-types@1.3.2", "", { "dependencies": { "@types/node": "*" }, "peerDependencies": { "@types/react": "^19" } }, "sha512-i/Gln4tbzKNuxP70OWhJRZz1MRfvqExowP7U6JKoI8cntFrtxg7RJK3jvz7wQW54UuvNC8tbKHHri5fy74FVqg=="],

    "csstype": ["csstype@3.2.1", "", {}, "sha512-98XGutrXoh75MlgLihlNxAGbUuFQc7l1cqcnEZlLNKc0UrVdPndgmaDmYTDDh929VS/eqTZV0rozmhu2qqT1/g=="],

    "fast-xml-parser": ["fast-xml-parser@5.2.5", "", { "dependencies": { "strnum": "^2.1.0" }, "bin": { "fxparser": "src/cli/cli.js" } }, "sha512-pfX9uG9Ki0yekDHx2SiuRIyFdyAr1kMIMitPvb0YBo8SUfKvia7w7FIyd/l6av85pFYRhZscS75MwMnbvY+hcQ=="],

    "hono": ["hono@4.10.6", "", {}, "sha512-BIdolzGpDO9MQ4nu3AUuDwHZZ+KViNm+EZ75Ae55eMXMqLVhDFqEMXxtUe9Qh8hjL+pIna/frs2j6Y2yD5Ua/g=="],

    "on-exit-leak-free": ["on-exit-leak-free@2.1.2", "", {}, "sha512-0eJJY6hXLGf1udHwfNftBqH+g73EU4B504nZeKpz1sYRKafAghwxEJunB2O7rDZkL4PGfsMVnTXZ2EjibbqcsA=="],

    "pino": ["pino@10.1.0", "", { "dependencies": { "@pinojs/redact": "^0.4.0", "atomic-sleep": "^1.0.0", "on-exit-leak-free": "^2.1.0", "pino-abstract-transport": "^2.0.0", "pino-std-serializers": "^7.0.0", "process-warning": "^5.0.0", "quick-format-unescaped": "^4.0.3", "real-require": "^0.2.0", "safe-stable-stringify": "^2.3.1", "sonic-boom": "^4.0.1", "thread-stream": "^3.0.0" }, "bin": { "pino": "bin.js" } }, "sha512-0zZC2ygfdqvqK8zJIr1e+wT1T/L+LF6qvqvbzEQ6tiMAoTqEVK9a1K3YRu8HEUvGEvNqZyPJTtb2sNIoTkB83w=="],

    "pino-abstract-transport": ["pino-abstract-transport@2.0.0", "", { "dependencies": { "split2": "^4.0.0" } }, "sha512-F63x5tizV6WCh4R6RHyi2Ml+M70DNRXt/+HANowMflpgGFMAym/VKm6G7ZOQRjqN7XbGxK1Lg9t6ZrtzOaivMw=="],

    "pino-std-serializers": ["pino-std-serializers@7.0.0", "", {}, "sha512-e906FRY0+tV27iq4juKzSYPbUj2do2X2JX4EzSca1631EB2QJQUqGbDuERal7LCtOpxl6x3+nvo9NPZcmjkiFA=="],

    "process-warning": ["process-warning@5.0.0", "", {}, "sha512-a39t9ApHNx2L4+HBnQKqxxHNs1r7KF+Intd8Q/g1bUh6q0WIp9voPXJ/x0j+ZL45KF1pJd9+q2jLIRMfvEshkA=="],

    "quick-format-unescaped": ["quick-format-unescaped@4.0.4", "", {}, "sha512-tYC1Q1hgyRuHgloV/YXs2w15unPVh8qfu/qCTfhTYamaw7fyhumKa2yGpdSo87vY32rIclj+4fWYQXUMs9EHvg=="],

    "real-require": ["real-require@0.2.0", "", {}, "sha512-57frrGM/OCTLqLOAh0mhVA9VBMHd+9U7Zb2THMGdBUoZVOtGbJzjxsYGDJ3A9AYYCP4hn6y1TVbaOfzWtm5GFg=="],

    "safe-stable-stringify": ["safe-stable-stringify@2.5.0", "", {}, "sha512-b3rppTKm9T+PsVCBEOUR46GWI7fdOs00VKZ1+9c1EWDaDMvjQc6tUwuFyIprgGgTcWoVHSKrU8H31ZHA2e0RHA=="],

    "sonic-boom": ["sonic-boom@4.2.0", "", { "dependencies": { "atomic-sleep": "^1.0.0" } }, "sha512-INb7TM37/mAcsGmc9hyyI6+QR3rR1zVRu36B0NeGXKnOOLiZOfER5SA+N7X7k3yUYRzLWafduTDvJAfDswwEww=="],

    "split2": ["split2@4.2.0", "", {}, "sha512-UcjcJOWknrNkF6PLX83qcHM6KHgVKNkV62Y8a5uYDVv9ydGQVwAHMKqHdJje1VTWpljG0WYpCDhrCdAOYH4TWg=="],

    "strnum": ["strnum@2.1.1", "", {}, "sha512-7ZvoFTiCnGxBtDqJ//Cu6fWtZtc7Y3x+QOirG15wztbdngGSkht27o2pyGWrVy0b4WAy3jbKmnoK6g5VlVNUUw=="],

    "thread-stream": ["thread-stream@3.1.0", "", { "dependencies": { "real-require": "^0.2.0" } }, "sha512-OqyPZ9u96VohAyMfJykzmivOrY2wfMSf3C5TtFJVgN+Hm6aj+voFhlK+kZEIv2FBh1X6Xp3DlnCOfEQ3B2J86A=="],

    "tslib": ["tslib@2.8.1", "", {}, "sha512-oJFu94HQb+KVduSUQL7wnpmqnfmLsOA/nAh6b6EH0wCEoK0/mPeXU6c3wKDV83MkOuHPRHtSXKKU99IBazS/2w=="],

    "undici-types": ["undici-types@7.16.0", "", {}, "sha512-Zz+aZWSj8LE6zoxD+xrjh4VfkIG8Ya6LvYkZqtUQGJPZjYl53ypCaUwWqo7eI0x66KBGeRo+mlBEkMSeSZ38Nw=="],

    "zod": ["zod@4.1.12", "", {}, "sha512-JInaHOamG8pt5+Ey8kGmdcAcg3OL9reK8ltczgHTAwNhMys/6ThXHityHxVV2p3fkw/c+MAvBHFVYHFZDmjMCQ=="],

    "@aws-crypto/sha1-browser/@smithy/util-utf8": ["@smithy/util-utf8@2.3.0", "", { "dependencies": { "@smithy/util-buffer-from": "^2.2.0", "tslib": "^2.6.2" } }, "sha512-R8Rdn8Hy72KKcebgLiv8jQcQkXoLMOGGv5uI1/k0l+snqkOzQ1R0ChUBCxWMlBsFMekWjq0wRudIweFs7sKT5A=="],

    "@aws-crypto/sha256-browser/@smithy/util-utf8": ["@smithy/util-utf8@2.3.0", "", { "dependencies": { "@smithy/util-buffer-from": "^2.2.0", "tslib": "^2.6.2" } }, "sha512-R8Rdn8Hy72KKcebgLiv8jQcQkXoLMOGGv5uI1/k0l+snqkOzQ1R0ChUBCxWMlBsFMekWjq0wRudIweFs7sKT5A=="],

    "@aws-crypto/util/@smithy/util-utf8": ["@smithy/util-utf8@2.3.0", "", { "dependencies": { "@smithy/util-buffer-from": "^2.2.0", "tslib": "^2.6.2" } }, "sha512-R8Rdn8Hy72KKcebgLiv8jQcQkXoLMOGGv5uI1/k0l+snqkOzQ1R0ChUBCxWMlBsFMekWjq0wRudIweFs7sKT5A=="],

    "@aws-crypto/sha1-browser/@smithy/util-utf8/@smithy/util-buffer-from": ["@smithy/util-buffer-from@2.2.0", "", { "dependencies": { "@smithy/is-array-buffer": "^2.2.0", "tslib": "^2.6.2" } }, "sha512-IJdWBbTcMQ6DA0gdNhh/BwrLkDR+ADW5Kr1aZmd4k3DIF6ezMV4R2NIAmT08wQJ3yUK82thHWmC/TnK/wpMMIA=="],

    "@aws-crypto/sha256-browser/@smithy/util-utf8/@smithy/util-buffer-from": ["@smithy/util-buffer-from@2.2.0", "", { "dependencies": { "@smithy/is-array-buffer": "^2.2.0", "tslib": "^2.6.2" } }, "sha512-IJdWBbTcMQ6DA0gdNhh/BwrLkDR+ADW5Kr1aZmd4k3DIF6ezMV4R2NIAmT08wQJ3yUK82thHWmC/TnK/wpMMIA=="],

    "@aws-crypto/util/@smithy/util-utf8/@smithy/util-buffer-from": ["@smithy/util-buffer-from@2.2.0", "", { "dependencies": { "@smithy/is-array-buffer": "^2.2.0", "tslib": "^2.6.2" } }, "sha512-IJdWBbTcMQ6DA0gdNhh/BwrLkDR+ADW5Kr1aZmd4k3DIF6ezMV4R2NIAmT08wQJ3yUK82thHWmC/TnK/wpMMIA=="],

    "@aws-crypto/sha1-browser/@smithy/util-utf8/@smithy/util-buffer-from/@smithy/is-array-buffer": ["@smithy/is-array-buffer@2.2.0", "", { "dependencies": { "tslib": "^2.6.2" } }, "sha512-GGP3O9QFD24uGeAXYUjwSTXARoqpZykHadOmA8G5vfJPK0/DC67qa//0qvqrJzL1xc8WQWX7/yc7fwudjPHPhA=="],

    "@aws-crypto/sha256-browser/@smithy/util-utf8/@smithy/util-buffer-from/@smithy/is-array-buffer": ["@smithy/is-array-buffer@2.2.0", "", { "dependencies": { "tslib": "^2.6.2" } }, "sha512-GGP3O9QFD24uGeAXYUjwSTXARoqpZykHadOmA8G5vfJPK0/DC67qa//0qvqrJzL1xc8WQWX7/yc7fwudjPHPhA=="],

    "@aws-crypto/util/@smithy/util-utf8/@smithy/util-buffer-from/@smithy/is-array-buffer": ["@smithy/is-array-buffer@2.2.0", "", { "dependencies": { "tslib": "^2.6.2" } }, "sha512-GGP3O9QFD24uGeAXYUjwSTXARoqpZykHadOmA8G5vfJPK0/DC67qa//0qvqrJzL1xc8WQWX7/yc7fwudjPHPhA=="],
  }
}
